lockfileVersion: '9.0'

settings:
  autoInstallPeers: true
  excludeLinksFromLockfile: false

importers:

  .:
    devDependencies:
      '@dagrejs/dagre':
        specifier: 1.1.5
        version: 1.1.5
      playwright:
        specifier: ^1.58.2
        version: 1.63.0
      prettier:
        specifier: 3.6.2
        version: 3.6.2

packages:

  '@dagrejs/dagre@1.1.5':
    resolution: {integrity: sha512-Ghgrh08s12DCL5SeiR6AoyE80mQELTWhJBRmXfFoqDiFkR458vPEdgTbbjA0T+9ETNxUblnD0QW55tfdvi5pjQ==}

  '@dagrejs/graphlib@2.2.4':
    resolution: {integrity: sha512-mepCf/e9+SKYy1d02/UkvSy6+6MoyXhVxP8lLDfA7BPE1X1d4dR0sZznmbM8/XVJ1GPM+Svnx7Xj6ZweByWUkw==}
    engines: {node: '>17.0.0'}

  playwright-core@1.63.0:
    resolution: {integrity: sha512-rYCsBF/M5HjUch52bbtVONEFjv6Xu8sm8h72dNlR5bzIE1fvC/bxgspzkjSfU+MweEMmPM8KJebG6nnyxo5mCg==}
    engines: {node: '>=20'}
    hasBin: true

  playwright@1.63.0:
    resolution: {integrity: sha512-+7ziBLidS4NaNCdt57SUDT+wYmmd5fmiQejUic/kb+YsYSCPyOOE9sebzMjNmQrsnNpDJqd4WHvV/8lfKfUDUg==}
    engines: {node: '>=20'}
    hasBin: true

  prettier@3.6.2:
    resolution: {integrity: sha512-I7AIg5boAr5R0FFtJ6rCfD+LFsWHp81dolrFD8S79U9tb8Az2nGrJncnMSnys+bpQJfRUzqs9hnA81OAA3hCuQ==}
    engines: {node: '>=14'}
    hasBin: true

snapshots:

  '@dagrejs/dagre@1.1.5':
    dependencies:
      '@dagrejs/graphlib': 2.2.4

  '@dagrejs/graphlib@2.2.4': {}

  playwright-core@1.63.0: {}

  playwright@1.63.0:
    dependencies:
      playwright-core: 1.63.0

  prettier@3.6.2: {}
